
Microsoft Visual Studio Solution File, Format Version 12.00
# Visual Studio Version 17
VisualStudioVersion = 17.10.35013.160
MinimumVisualStudioVersion = 10.0.40219.1
Project("{FAE04EC0-301F-11D3-BF4B-00C04F79EFBC}") = "SequenciaNumeros", "SequenciaNumeros\SequenciaNumeros.csproj", "{E9D4EB2C-0F03-48CF-87C8-722DB3BAD6FF}"
EndProject
Project("{FAE04EC0-301F-11D3-BF4B-00C04F79EFBC}") = "Fibonacci", "Fibonnaci\Fibonacci.csproj", "{4B325716-61BA-4A39-968D-CC4B40C442F8}"
EndProject
Project("{FAE04EC0-301F-11D3-BF4B-00C04F79EFBC}") = "SalarioHorista", "SalarioHorista\SalarioHorista.csproj", "{F3BB22B2-E49C-454D-A070-45F38162F739}"
EndProject
Global
	GlobalSection(SolutionConfigurationPlatforms) = preSolution
		Debug|Any CPU = Debug|Any CPU
		Release|Any CPU = Release|Any CPU
	EndGlobalSection
	GlobalSection(ProjectConfigurationPlatforms) = postSolution
		{E9D4EB2C-0F03-48CF-87C8-722DB3BAD6FF}.Debug|Any CPU.ActiveCfg = Debug|Any CPU
		{E9D4EB2C-0F03-48CF-87C8-722DB3BAD6FF}.Debug|Any CPU.Build.0 = Debug|Any CPU
		{E9D4EB2C-0F03-48CF-87C8-722DB3BAD6FF}.Release|Any CPU.ActiveCfg = Release|Any CPU
		{E9D4EB2C-0F03-48CF-87C8-722DB3BAD6FF}.Release|Any CPU.Build.0 = Release|Any CPU
		{4B325716-61BA-4A39-968D-CC4B40C442F8}.Debug|Any CPU.ActiveCfg = Debug|Any CPU
		{4B325716-61BA-4A39-968D-CC4B40C442F8}.Debug|Any CPU.Build.0 = Debug|Any CPU
		{4B325716-61BA-4A39-968D-CC4B40C442F8}.Release|Any CPU.ActiveCfg = Release|Any CPU
		{4B325716-61BA-4A39-968D-CC4B40C442F8}.Release|Any CPU.Build.0 = Release|Any CPU
		{F3BB22B2-E49C-454D-A070-45F38162F739}.Debug|Any CPU.ActiveCfg = Debug|Any CPU
		{F3BB22B2-E49C-454D-A070-45F38162F739}.Debug|Any CPU.Build.0 = Debug|Any CPU
		{F3BB22B2-E49C-454D-A070-45F38162F739}.Release|Any CPU.ActiveCfg = Release|Any CPU
		{F3BB22B2-E49C-454D-A070-45F38162F739}.Release|Any CPU.Build.0 = Release|Any CPU
	EndGlobalSection
	GlobalSection(SolutionProperties) = preSolution
		HideSolutionNode = FALSE
	EndGlobalSection
	GlobalSection(ExtensibilityGlobals) = postSolution
		SolutionGuid = {14959677-C496-42E3-8283-4135139BF65C}
	EndGlobalSection
EndGlobal
